
Microsoft Visual Studio Solution File, Format Version 12.00
# Visual Studio Version 17
VisualStudioVersion = 17.3.32804.467
MinimumVisualStudioVersion = 10.0.40219.1
Project("{FAE04EC0-301F-11D3-BF4B-00C04F79EFBC}") = "TaavSystem.Library", "TaavSystem.Library\TaavSystem.Library.csproj", "{D7614B4C-35B9-4CA8-A6E9-D40E765BCE34}"
EndProject
Project("{FAE04EC0-301F-11D3-BF4B-00C04F79EFBC}") = "Library.DomainLayer", "Library.DomainLayer\Library.DomainLayer.csproj", "{4B6B9E54-C15B-4CE5-8C3F-0EDE70090B05}"
EndProject
Project("{FAE04EC0-301F-11D3-BF4B-00C04F79EFBC}") = "Library.ApplicationLayer", "Library.ApplicationLayer\Library.ApplicationLayer.csproj", "{CC5E7B4D-01AF-4569-B9E5-FE53B39C45FE}"
EndProject
Project("{FAE04EC0-301F-11D3-BF4B-00C04F79EFBC}") = "Library.QueryLayer", "Library.QueryLayer\Library.QueryLayer.csproj", "{227F6E92-5B04-42DA-9924-D75F1A930EB3}"
EndProject
Project("{FAE04EC0-301F-11D3-BF4B-00C04F79EFBC}") = "Library.InfraStuctureLayer", "Library.InfraStuctureLayer\Library.InfraStuctureLayer.csproj", "{235A68B7-68FC-47C9-8E7F-8179289788CA}"
EndProject
Global
	GlobalSection(SolutionConfigurationPlatforms) = preSolution
		Debug|Any CPU = Debug|Any CPU
		Release|Any CPU = Release|Any CPU
	EndGlobalSection
	GlobalSection(ProjectConfigurationPlatforms) = postSolution
		{D7614B4C-35B9-4CA8-A6E9-D40E765BCE34}.Debug|Any CPU.ActiveCfg = Debug|Any CPU
		{D7614B4C-35B9-4CA8-A6E9-D40E765BCE34}.Debug|Any CPU.Build.0 = Debug|Any CPU
		{D7614B4C-35B9-4CA8-A6E9-D40E765BCE34}.Release|Any CPU.ActiveCfg = Release|Any CPU
		{D7614B4C-35B9-4CA8-A6E9-D40E765BCE34}.Release|Any CPU.Build.0 = Release|Any CPU
		{4B6B9E54-C15B-4CE5-8C3F-0EDE70090B05}.Debug|Any CPU.ActiveCfg = Debug|Any CPU
		{4B6B9E54-C15B-4CE5-8C3F-0EDE70090B05}.Debug|Any CPU.Build.0 = Debug|Any CPU
		{4B6B9E54-C15B-4CE5-8C3F-0EDE70090B05}.Release|Any CPU.ActiveCfg = Release|Any CPU
		{4B6B9E54-C15B-4CE5-8C3F-0EDE70090B05}.Release|Any CPU.Build.0 = Release|Any CPU
		{CC5E7B4D-01AF-4569-B9E5-FE53B39C45FE}.Debug|Any CPU.ActiveCfg = Debug|Any CPU
		{CC5E7B4D-01AF-4569-B9E5-FE53B39C45FE}.Debug|Any CPU.Build.0 = Debug|Any CPU
		{CC5E7B4D-01AF-4569-B9E5-FE53B39C45FE}.Release|Any CPU.ActiveCfg = Release|Any CPU
		{CC5E7B4D-01AF-4569-B9E5-FE53B39C45FE}.Release|Any CPU.Build.0 = Release|Any CPU
		{227F6E92-5B04-42DA-9924-D75F1A930EB3}.Debug|Any CPU.ActiveCfg = Debug|Any CPU
		{227F6E92-5B04-42DA-9924-D75F1A930EB3}.Debug|Any CPU.Build.0 = Debug|Any CPU
		{227F6E92-5B04-42DA-9924-D75F1A930EB3}.Release|Any CPU.ActiveCfg = Release|Any CPU
		{227F6E92-5B04-42DA-9924-D75F1A930EB3}.Release|Any CPU.Build.0 = Release|Any CPU
		{235A68B7-68FC-47C9-8E7F-8179289788CA}.Debug|Any CPU.ActiveCfg = Debug|Any CPU
		{235A68B7-68FC-47C9-8E7F-8179289788CA}.Debug|Any CPU.Build.0 = Debug|Any CPU
		{235A68B7-68FC-47C9-8E7F-8179289788CA}.Release|Any CPU.ActiveCfg = Release|Any CPU
		{235A68B7-68FC-47C9-8E7F-8179289788CA}.Release|Any CPU.Build.0 = Release|Any CPU
	EndGlobalSection
	GlobalSection(SolutionProperties) = preSolution
		HideSolutionNode = FALSE
	EndGlobalSection
	GlobalSection(ExtensibilityGlobals) = postSolution
		SolutionGuid = {ED25D4B9-A9B3-46C0-AE12-0BA411494BEE}
	EndGlobalSection
EndGlobal
