
Microsoft Visual Studio Solution File, Format Version 12.00
# Visual Studio Version 17
VisualStudioVersion = 17.3.32804.467
MinimumVisualStudioVersion = 10.0.40219.1
Project("{9A19103F-16F7-4668-BE54-9A1E7A4F7556}") = "TaavSystem.Library", "TaavSystem.Library\TaavSystem.Library.csproj", "{D7614B4C-35B9-4CA8-A6E9-D40E765BCE34}"
EndProject
Project("{9A19103F-16F7-4668-BE54-9A1E7A4F7556}") = "FluentMigration", "FluentMigration\FluentMigration.csproj", "{60A1DC8A-A241-4CFA-9DD7-4B1898824692}"
EndProject
Project("{2150E333-8FDC-42A3-9474-1A3956D46DE8}") = "00.Package", "00.Package", "{E5B4D286-A438-43ED-B826-CD45B88BEDAA}"
EndProject
Project("{2150E333-8FDC-42A3-9474-1A3956D46DE8}") = "01.Core", "01.Core", "{17BE47C6-231D-4282-AABD-1005DB08A7D0}"
EndProject
Project("{2150E333-8FDC-42A3-9474-1A3956D46DE8}") = "02.InfraStructure", "02.InfraStructure", "{48565443-A001-4212-A41B-12743DEDF73F}"
EndProject
Project("{2150E333-8FDC-42A3-9474-1A3956D46DE8}") = "03.Presentasion", "03.Presentasion", "{8B653301-F4CA-43AD-AB6E-AC3CC08F5BD3}"
EndProject
Project("{9A19103F-16F7-4668-BE54-9A1E7A4F7556}") = "Library.Persistant", "Library.Persistant\Library.Persistant.csproj", "{01D51E39-BF32-4A26-966F-A5829620A4F2}"
EndProject
Project("{FAE04EC0-301F-11D3-BF4B-00C04F79EFBC}") = "Library.Contract", "Library.Contract\Library.Contract.csproj", "{42F076D8-E17E-4359-9EB2-1AC0B801AD7B}"
EndProject
Project("{FAE04EC0-301F-11D3-BF4B-00C04F79EFBC}") = "Library.Entities", "Library.Entities\Library.Entities.csproj", "{17059D6D-B148-4DB8-9355-FE488D602DEF}"
EndProject
Project("{FAE04EC0-301F-11D3-BF4B-00C04F79EFBC}") = "Library.Services", "Library.Services\Library.Services.csproj", "{4C95256A-55BA-468D-83CD-DAE74A1869B9}"
EndProject
Global
	GlobalSection(SolutionConfigurationPlatforms) = preSolution
		Debug|Any CPU = Debug|Any CPU
		Release|Any CPU = Release|Any CPU
	EndGlobalSection
	GlobalSection(ProjectConfigurationPlatforms) = postSolution
		{D7614B4C-35B9-4CA8-A6E9-D40E765BCE34}.Debug|Any CPU.ActiveCfg = Debug|Any CPU
		{D7614B4C-35B9-4CA8-A6E9-D40E765BCE34}.Debug|Any CPU.Build.0 = Debug|Any CPU
		{D7614B4C-35B9-4CA8-A6E9-D40E765BCE34}.Release|Any CPU.ActiveCfg = Release|Any CPU
		{D7614B4C-35B9-4CA8-A6E9-D40E765BCE34}.Release|Any CPU.Build.0 = Release|Any CPU
		{60A1DC8A-A241-4CFA-9DD7-4B1898824692}.Debug|Any CPU.ActiveCfg = Debug|Any CPU
		{60A1DC8A-A241-4CFA-9DD7-4B1898824692}.Debug|Any CPU.Build.0 = Debug|Any CPU
		{60A1DC8A-A241-4CFA-9DD7-4B1898824692}.Release|Any CPU.ActiveCfg = Release|Any CPU
		{60A1DC8A-A241-4CFA-9DD7-4B1898824692}.Release|Any CPU.Build.0 = Release|Any CPU
		{01D51E39-BF32-4A26-966F-A5829620A4F2}.Debug|Any CPU.ActiveCfg = Debug|Any CPU
		{01D51E39-BF32-4A26-966F-A5829620A4F2}.Debug|Any CPU.Build.0 = Debug|Any CPU
		{01D51E39-BF32-4A26-966F-A5829620A4F2}.Release|Any CPU.ActiveCfg = Release|Any CPU
		{01D51E39-BF32-4A26-966F-A5829620A4F2}.Release|Any CPU.Build.0 = Release|Any CPU
		{42F076D8-E17E-4359-9EB2-1AC0B801AD7B}.Debug|Any CPU.ActiveCfg = Debug|Any CPU
		{42F076D8-E17E-4359-9EB2-1AC0B801AD7B}.Debug|Any CPU.Build.0 = Debug|Any CPU
		{42F076D8-E17E-4359-9EB2-1AC0B801AD7B}.Release|Any CPU.ActiveCfg = Release|Any CPU
		{42F076D8-E17E-4359-9EB2-1AC0B801AD7B}.Release|Any CPU.Build.0 = Release|Any CPU
		{17059D6D-B148-4DB8-9355-FE488D602DEF}.Debug|Any CPU.ActiveCfg = Debug|Any CPU
		{17059D6D-B148-4DB8-9355-FE488D602DEF}.Debug|Any CPU.Build.0 = Debug|Any CPU
		{17059D6D-B148-4DB8-9355-FE488D602DEF}.Release|Any CPU.ActiveCfg = Release|Any CPU
		{17059D6D-B148-4DB8-9355-FE488D602DEF}.Release|Any CPU.Build.0 = Release|Any CPU
		{4C95256A-55BA-468D-83CD-DAE74A1869B9}.Debug|Any CPU.ActiveCfg = Debug|Any CPU
		{4C95256A-55BA-468D-83CD-DAE74A1869B9}.Debug|Any CPU.Build.0 = Debug|Any CPU
		{4C95256A-55BA-468D-83CD-DAE74A1869B9}.Release|Any CPU.ActiveCfg = Release|Any CPU
		{4C95256A-55BA-468D-83CD-DAE74A1869B9}.Release|Any CPU.Build.0 = Release|Any CPU
	EndGlobalSection
	GlobalSection(SolutionProperties) = preSolution
		HideSolutionNode = FALSE
	EndGlobalSection
	GlobalSection(NestedProjects) = preSolution
		{D7614B4C-35B9-4CA8-A6E9-D40E765BCE34} = {8B653301-F4CA-43AD-AB6E-AC3CC08F5BD3}
		{60A1DC8A-A241-4CFA-9DD7-4B1898824692} = {48565443-A001-4212-A41B-12743DEDF73F}
		{01D51E39-BF32-4A26-966F-A5829620A4F2} = {48565443-A001-4212-A41B-12743DEDF73F}
		{42F076D8-E17E-4359-9EB2-1AC0B801AD7B} = {E5B4D286-A438-43ED-B826-CD45B88BEDAA}
		{17059D6D-B148-4DB8-9355-FE488D602DEF} = {17BE47C6-231D-4282-AABD-1005DB08A7D0}
		{4C95256A-55BA-468D-83CD-DAE74A1869B9} = {17BE47C6-231D-4282-AABD-1005DB08A7D0}
	EndGlobalSection
	GlobalSection(ExtensibilityGlobals) = postSolution
		SolutionGuid = {ED25D4B9-A9B3-46C0-AE12-0BA411494BEE}
	EndGlobalSection
EndGlobal
